hash: 0288057bb04de02c2fa3848bccda7a44fde65a6cc1830a2bafe2b40c50b18101
updated: 2019-02-08T13:26:44.083114-05:00
imports:
- name: github.com/ahl5esoft/golang-underscore
  version: c3155e69b3d23500032fb541a6e87b5360bdac18
- name: github.com/allegro/bigcache
  version: 84a0ff3f153cbd7e280a19029a864bb04b504e62
  subpackages:
  - queue
- name: github.com/aristanetworks/goarista
  version: b7a59f2ffb2369336aaa78fc9a555e4fd277616b
  subpackages:
  - monotime
- name: github.com/aws/aws-sdk-go
  version: d6cb382cd727ad4e3beb77e2c1935d85314ace0a
  subpackages:
  - aws
  - aws/awserr
  - aws/awsutil
  - aws/client
  - aws/client/metadata
  - aws/corehandlers
  - aws/credentials
  - aws/credentials/ec2rolecreds
  - aws/credentials/endpointcreds
  - aws/credentials/processcreds
  - aws/credentials/stscreds
  - aws/csm
  - aws/defaults
  - aws/ec2metadata
  - aws/endpoints
  - aws/request
  - aws/session
  - aws/signer/v4
  - internal/ini
  - internal/sdkio
  - internal/sdkrand
  - internal/sdkuri
  - internal/shareddefaults
  - private/protocol
  - private/protocol/ec2query
  - private/protocol/json/jsonutil
  - private/protocol/jsonrpc
  - private/protocol/query
  - private/protocol/query/queryutil
  - private/protocol/rest
  - private/protocol/xml/xmlutil
  - service/cloudwatchlogs
  - service/ec2
  - service/ecs
  - service/elb
  - service/elbv2
  - service/sts
- name: github.com/btcsuite/btcd
  version: ed77733ec07dfc8a513741138419b8d9d3de9d2d
  subpackages:
  - btcec
  - btcjson
  - chaincfg
  - chaincfg/chainhash
  - rpcclient
  - wire
- name: github.com/btcsuite/btclog
  version: 84c8d2346e9fc8c7b947e243b9c24e6df9fd206a
- name: github.com/btcsuite/btcutil
  version: bf1e1be935893b7c8ac9f020195f6b0dfd1f14e0
  subpackages:
  - base58
  - bech32
- name: github.com/btcsuite/go-socks
  version: 4720035b7bfd2a9bb130b1c184f8bbe41b6f0d0f
  subpackages:
  - socks
- name: github.com/btcsuite/websocket
  version: 31079b6807923eb23992c421b114992b95131b55
- name: github.com/deckarep/golang-set
  version: 699df6a3acf6867538e50931511e9dc403da108a
- name: github.com/dgrijalva/jwt-go
  version: 06ea1031745cb8b3dab3f6a236daf2b0aa468b7e
- name: github.com/emirpasic/gods
  version: 7c131f6714175bd4ce484da1f348260c79db3069
  subpackages:
  - containers
  - lists
  - lists/arraylist
  - trees
  - trees/binaryheap
  - utils
- name: github.com/ethereum/go-ethereum
  version: 428eabe28d1077356b16f25828d78d8693a766bb
  subpackages:
  - accounts/abi
  - common
  - common/hexutil
  - common/math
  - common/mclock
  - common/prque
  - core/types
  - crypto
  - crypto/secp256k1
  - ethclient
  - ethdb
  - log
  - metrics
  - p2p/netutil
  - params
  - rlp
  - rpc
  - trie
- name: github.com/gin-contrib/sse
  version: 22d885f9ecc78bf4ee5d72b937e4bbcdc58e8cae
- name: github.com/gin-gonic/gin
  version: b869fe1415e4b9eb52f247441830d502aece2d4d
  subpackages:
  - binding
  - json
  - render
- name: github.com/go-stack/stack
  version: 2fee6af1a9795aafbe0253a0cfbdf668e1fb8a9a
- name: github.com/gogo/protobuf
  version: 8e4a75f11384d0fb2188d872d456407e41f33fc0
  subpackages:
  - gogoproto
  - proto
  - protoc-gen-gogo/descriptor
- name: github.com/golang/protobuf
  version: 347cf4a86c1cb8d262994d8ef5924d4576c5b331
  subpackages:
  - proto
- name: github.com/golang/snappy
  version: 2e65f85255dbc3072edf28d6b5b8efc472979f5a
- name: github.com/gorilla/websocket
  version: 66b9c49e59c6c48f0ffce28c2d8b8a5678502c6d
- name: github.com/jbenet/go-context
  version: d14ea06fba99483203c19d92cfcd13ebe73135f4
  subpackages:
  - io
- name: github.com/jinzhu/gorm
  version: 472c70caa40267cb89fd8facb07fe6454b578626
  subpackages:
  - dialects/postgres
- name: github.com/jinzhu/inflection
  version: 04140366298a54a039076d798123ffa108fff46c
- name: github.com/jmespath/go-jmespath
  version: c2b33e8439af944379acbdd9c3a5fe0bc44bd8a5
- name: github.com/jochasinga/requests
  version: af9bbdb4ab2c7832f8972388537b9ce1b942614c
- name: github.com/json-iterator/go
  version: f64ce68b6eea7b957a0d0d43e224dfe491b0babe
- name: github.com/kevinburke/ssh_config
  version: 81db2a75821ed34e682567d48be488a1c3121088
- name: github.com/kthomas/exchange-consumer
  version: 4fb83508b3ca56253f6cf167fba80977dbf9e334
- name: github.com/kthomas/go-amqputil
  version: 26cbf6ca712de7776b9627811baa3f4b17d2811d
- name: github.com/kthomas/go-aws-config
  version: b7870ac562affcec9bca207a432af6e5bf0e4b3e
- name: github.com/kthomas/go-aws-wrapper
  version: c2c5006aab29093739bd65284baa4bd8c2130a98
- name: github.com/kthomas/go-db-config
  version: fe566ecb4d7e3e2e1cf39d3a739e1ecfbec912f8
- name: github.com/kthomas/go-logger
  version: 230b452f1919101d0b06c44ca727d78056983a8d
- name: github.com/kthomas/go-natsutil
  version: 92bf5442fc786a675a55e18cddb2e599ba63e47c
- name: github.com/kthomas/go.uuid
  version: b6c5bb1eedd724fc13c44af34da224568529d0c0
- name: github.com/lib/pq
  version: 9eb73efc1fcc404148b56765b0d3f61d9a5ef8ee
  subpackages:
  - hstore
  - oid
- name: github.com/mattn/go-isatty
  version: 3fb116b820352b7f0c281308a4d6250c22d94e27
- name: github.com/mitchellh/go-homedir
  version: ae18d6b8b3205b561c79e8e5f69bff09736185f4
- name: github.com/modern-go/concurrent
  version: bacd9c7ef1dd9b15be4a9909b8ac7a4e313eec94
- name: github.com/modern-go/reflect2
  version: 94122c33edd36123c84d5368cfb2b69df93a0ec8
- name: github.com/nats-io/go-nats
  version: abeb2b1dabc3b2324448291ac01c04f0a76dcbf0
  subpackages:
  - encoders/builtin
  - util
- name: github.com/nats-io/go-nats-streaming
  version: a0e3aee6fce1a77efe4024df3280416e9d99bb98
  subpackages:
  - pb
- name: github.com/nats-io/nkeys
  version: 1546a3320a8f195a5b5c84aef8309377c2e411d5
- name: github.com/nats-io/nuid
  version: 3024a71c3cbe30667286099921591e6fcc328230
- name: github.com/op/go-logging
  version: 970db520ece77730c7e4724c61121037378659d9
- name: github.com/pelletier/go-buffruneio
  version: 25c428535bd3f55a16f149a9daebd3fa4c5a562b
- name: github.com/provideservices/provide-go
  version: d8ff592e3a7dce30e63749082143f019c7b20746
- name: github.com/rs/cors
  version: 76f58f330d76a55c5badc74f6212e8a15e742c77
- name: github.com/satori/go.uuid
  version: b2ce2384e17bbe0c6d34077efa39dbab3e09123b
- name: github.com/sergi/go-diff
  version: da645544ed44df016359bd4c0e3dc60ee3a0da43
  subpackages:
  - diffmatchpatch
- name: github.com/src-d/gcfg
  version: 1ac3a1ac202429a54835fe8408a92880156b489d
  subpackages:
  - scanner
  - token
  - types
- name: github.com/streadway/amqp
  version: a314942b2fd9dde7a3f70ba3f1062848ce6eb392
- name: github.com/syndtr/goleveldb
  version: b001fa50d6b27f3f0bb175a87d0cb55426d0a0ae
  subpackages:
  - leveldb
  - leveldb/cache
  - leveldb/comparer
  - leveldb/errors
  - leveldb/filter
  - leveldb/iterator
  - leveldb/journal
  - leveldb/memdb
  - leveldb/opt
  - leveldb/storage
  - leveldb/table
  - leveldb/util
- name: github.com/ugorji/go
  version: 772ced7fd4c2f6322c07537a9a93b68d74551fa6
  subpackages:
  - codec
- name: github.com/xanzy/ssh-agent
  version: 640f0ab560aeb89d523bb6ac322b1244d5c3796c
- name: golang.org/x/crypto
  version: ff983b9c42bc9fbf91556e191cc8efb585c16908
  subpackages:
  - cast5
  - curve25519
  - ed25519
  - ed25519/internal/edwards25519
  - internal/chacha20
  - internal/subtle
  - openpgp
  - openpgp/armor
  - openpgp/elgamal
  - openpgp/errors
  - openpgp/packet
  - openpgp/s2k
  - pbkdf2
  - poly1305
  - ripemd160
  - scrypt
  - sha3
  - ssh
  - ssh/agent
  - ssh/knownhosts
- name: golang.org/x/net
  version: ed066c81e75eba56dd9bd2139ade88125b855585
  subpackages:
  - context
  - websocket
- name: golang.org/x/sys
  version: 11f53e03133963fb11ae0588e08b5e0b85be8be5
  subpackages:
  - unix
  - windows
- name: golang.org/x/text
  version: e6919f6577db79269a6443b9dc46d18f2238fb5d
  subpackages:
  - transform
  - unicode/norm
- name: gopkg.in/go-playground/validator.v8
  version: 5f1438d3fca68893a817e4a66806cea46a9e4ebf
- name: gopkg.in/natefinch/npipe.v2
  version: c1b8fa8bdccecb0b8db834ee0b92fdbcfa606dd6
- name: gopkg.in/src-d/go-billy.v4
  version: 982626487c60a5252e7d0b695ca23fb0fa2fd670
  subpackages:
  - helper/chroot
  - helper/polyfill
  - osfs
  - util
- name: gopkg.in/src-d/go-git.v4
  version: 3dbfb89e0f5bce0008724e547b999fe3af9f60db
  subpackages:
  - config
  - internal/revision
  - plumbing
  - plumbing/cache
  - plumbing/filemode
  - plumbing/format/config
  - plumbing/format/diff
  - plumbing/format/gitignore
  - plumbing/format/idxfile
  - plumbing/format/index
  - plumbing/format/objfile
  - plumbing/format/packfile
  - plumbing/format/pktline
  - plumbing/object
  - plumbing/protocol/packp
  - plumbing/protocol/packp/capability
  - plumbing/protocol/packp/sideband
  - plumbing/revlist
  - plumbing/storer
  - plumbing/transport
  - plumbing/transport/client
  - plumbing/transport/file
  - plumbing/transport/git
  - plumbing/transport/http
  - plumbing/transport/internal/common
  - plumbing/transport/server
  - plumbing/transport/ssh
  - storage
  - storage/filesystem
  - storage/filesystem/dotgit
  - storage/memory
  - utils/binary
  - utils/diff
  - utils/ioutil
  - utils/merkletrie
  - utils/merkletrie/filesystem
  - utils/merkletrie/index
  - utils/merkletrie/internal/frame
  - utils/merkletrie/noder
- name: gopkg.in/warnings.v0
  version: ec4a0fea49c7b46c2aeb0b51aac55779c607e52b
- name: gopkg.in/yaml.v2
  version: 51d6538a90f86fe93ac480b35f37b2be17fef232
testImports: []
